// !$*UTF8*$!
{
	archiveVersion = 1;
	classes = {
	};
	objectVersion = 46;
	objects = {

/* Begin PBXBuildFile section */
		57A7891D18D19932003055CF /* Foundation.framework in Frameworks */ = {isa = PBXBuildFile; fileRef = 57A7891C18D19932003055CF /* Foundation.framework */; };
		57A7891F18D19932003055CF /* CoreGraphics.framework in Frameworks */ = {isa = PBXBuildFile; fileRef = 57A7891E18D19932003055CF /* CoreGraphics.framework */; };
		57A7892118D19932003055CF /* UIKit.framework in Frameworks */ = {isa = PBXBuildFile; fileRef = 57A7892018D19932003055CF /* UIKit.framework */; };
		57A7892718D19932003055CF /* InfoPlist.strings in Resources */ = {isa = PBXBuildFile; fileRef = 57A7892518D19932003055CF /* InfoPlist.strings */; };
		57A7892918D19932003055CF /* main.m in Sources */ = {isa = PBXBuildFile; fileRef = 57A7892818D19932003055CF /* main.m */; };
		57A7892D18D19932003055CF /* ESTAppDelegate.m in Sources */ = {isa = PBXBuildFile; fileRef = 57A7892C18D19932003055CF /* ESTAppDelegate.m */; };
		57A7893018D19932003055CF /* Main_iPhone.storyboard in Resources */ = {isa = PBXBuildFile; fileRef = 57A7892E18D19932003055CF /* Main_iPhone.storyboard */; };
		57A7893618D19932003055CF /* ESTFirstViewController.m in Sources */ = {isa = PBXBuildFile; fileRef = 57A7893518D19932003055CF /* ESTFirstViewController.m */; };
		57A7893918D19932003055CF /* ESTSecondViewController.m in Sources */ = {isa = PBXBuildFile; fileRef = 57A7893818D19932003055CF /* ESTSecondViewController.m */; };
		57A7893B18D19932003055CF /* Images.xcassets in Resources */ = {isa = PBXBuildFile; fileRef = 57A7893A18D19932003055CF /* Images.xcassets */; };
		57A7894218D19932003055CF /* XCTest.framework in Frameworks */ = {isa = PBXBuildFile; fileRef = 57A7894118D19932003055CF /* XCTest.framework */; };
		57A7894318D19932003055CF /* Foundation.framework in Frameworks */ = {isa = PBXBuildFile; fileRef = 57A7891C18D19932003055CF /* Foundation.framework */; };
		57A7894418D19932003055CF /* UIKit.framework in Frameworks */ = {isa = PBXBuildFile; fileRef = 57A7892018D19932003055CF /* UIKit.framework */; };
		57A7894C18D19932003055CF /* InfoPlist.strings in Resources */ = {isa = PBXBuildFile; fileRef = 57A7894A18D19932003055CF /* InfoPlist.strings */; };
		57A7894E18D19932003055CF /* storyboard_testTests.m in Sources */ = {isa = PBXBuildFile; fileRef = 57A7894D18D19932003055CF /* storyboard_testTests.m */; };
/* End PBXBuildFile section */

/* Begin PBXContainerItemProxy section */
		57A7894518D19932003055CF /* PBXContainerItemProxy */ = {
			isa = PBXContainerItemProxy;
			containerPortal = 57A7891118D19932003055CF /* Project object */;
			proxyType = 1;
			remoteGlobalIDString = 57A7891818D19932003055CF;
			remoteInfo = "storyboard-test";
		};
/* End PBXContainerItemProxy section */

/* Begin PBXFileReference section */
		57A7891918D19932003055CF /* storyboard-test.app */ = {isa = PBXFileReference; explicitFileType = wrapper.application; includeInIndex = 0; path = "storyboard-test.app"; sourceTree = BUILT_PRODUCTS_DIR; };
		57A7891C18D19932003055CF /* Foundation.framework */ = {isa = PBXFileReference; lastKnownFileType = wrapper.framework; name = Foundation.framework; path = System/Library/Frameworks/Foundation.framework; sourceTree = SDKROOT; };
		57A7891E18D19932003055CF /* CoreGraphics.framework */ = {isa = PBXFileReference; lastKnownFileType = wrapper.framework; name = CoreGraphics.framework; path = System/Library/Frameworks/CoreGraphics.framework; sourceTree = SDKROOT; };
		57A7892018D19932003055CF /* UIKit.framework */ = {isa = PBXFileReference; lastKnownFileType = wrapper.framework; name = UIKit.framework; path = System/Library/Frameworks/UIKit.framework; sourceTree = SDKROOT; };
		57A7892418D19932003055CF /* storyboard-test-Info.plist */ = {isa = PBXFileReference; lastKnownFileType = text.plist.xml; path = "storyboard-test-Info.plist"; sourceTree = "<group>"; };
		57A7892618D19932003055CF /* en */ = {isa = PBXFileReference; lastKnownFileType = text.plist.strings; name = en; path = en.lproj/InfoPlist.strings; sourceTree = "<group>"; };
		57A7892818D19932003055CF /* main.m */ = {isa = PBXFileReference; lastKnownFileType = sourcecode.c.objc; path = main.m; sourceTree = "<group>"; };
		57A7892A18D19932003055CF /* storyboard-test-Prefix.pch */ = {isa = PBXFileReference; lastKnownFileType = sourcecode.c.h; path = "storyboard-test-Prefix.pch"; sourceTree = "<group>"; };
		57A7892B18D19932003055CF /* ESTAppDelegate.h */ = {isa = PBXFileReference; lastKnownFileType = sourcecode.c.h; path = ESTAppDelegate.h; sourceTree = "<group>"; };
		57A7892C18D19932003055CF /* ESTAppDelegate.m */ = {isa = PBXFileReference; lastKnownFileType = sourcecode.c.objc; path = ESTAppDelegate.m; sourceTree = "<group>"; };
		57A7892F18D19932003055CF /* Base */ = {isa = PBXFileReference; lastKnownFileType = file.storyboard; name = Base; path = Base.lproj/Main_iPhone.storyboard; sourceTree = "<group>"; };
		57A7893418D19932003055CF /* ESTFirstViewController.h */ = {isa = PBXFileReference; lastKnownFileType = sourcecode.c.h; path = ESTFirstViewController.h; sourceTree = "<group>"; };
		57A7893518D19932003055CF /* ESTFirstViewController.m */ = {isa = PBXFileReference; lastKnownFileType = sourcecode.c.objc; path = ESTFirstViewController.m; sourceTree = "<group>"; };
		57A7893718D19932003055CF /* ESTSecondViewController.h */ = {isa = PBXFileReference; lastKnownFileType = sourcecode.c.h; path = ESTSecondViewController.h; sourceTree = "<group>"; };
		57A7893818D19932003055CF /* ESTSecondViewController.m */ = {isa = PBXFileReference; lastKnownFileType = sourcecode.c.objc; path = ESTSecondViewController.m; sourceTree = "<group>"; };
		57A7893A18D19932003055CF /* Images.xcassets */ = {isa = PBXFileReference; lastKnownFileType = folder.assetcatalog; path = Images.xcassets; sourceTree = "<group>"; };
		57A7894018D19932003055CF /* storyboard-testTests.xctest */ = {isa = PBXFileReference; explicitFileType = wrapper.cfbundle; includeInIndex = 0; path = "storyboard-testTests.xctest"; sourceTree = BUILT_PRODUCTS_DIR; };
		57A7894118D19932003055CF /* XCTest.framework */ = {isa = PBXFileReference; lastKnownFileType = wrapper.framework; name = XCTest.framework; path = Library/Frameworks/XCTest.framework; sourceTree = DEVELOPER_DIR; };
		57A7894918D19932003055CF /* storyboard-testTests-Info.plist */ = {isa = PBXFileReference; lastKnownFileType = text.plist.xml; path = "storyboard-testTests-Info.plist"; sourceTree = "<group>"; };
		57A7894B18D19932003055CF /* en */ = {isa = PBXFileReference; lastKnownFileType = text.plist.strings; name = en; path = en.lproj/InfoPlist.strings; sourceTree = "<group>"; };
		57A7894D18D19932003055CF /* storyboard_testTests.m */ = {isa = PBXFileReference; lastKnownFileType = sourcecode.c.objc; path = storyboard_testTests.m; sourceTree = "<group>"; };
/* End PBXFileReference section */

/* Begin PBXFrameworksBuildPhase section */
		57A7891618D19932003055CF /* Frameworks */ = {
			isa = PBXFrameworksBuildPhase;
			buildActionMask = 2147483647;
			files = (
				57A7891F18D19932003055CF /* CoreGraphics.framework in Frameworks */,
				57A7892118D19932003055CF /* UIKit.framework in Frameworks */,
				57A7891D18D19932003055CF /* Foundation.framework in Frameworks */,
			);
			runOnlyForDeploymentPostprocessing = 0;
		};
		57A7893D18D19932003055CF /* Frameworks */ = {
			isa = PBXFrameworksBuildPhase;
			buildActionMask = 2147483647;
			files = (
				57A7894218D19932003055CF /* XCTest.framework in Frameworks */,
				57A7894418D19932003055CF /* UIKit.framework in Frameworks */,
				57A7894318D19932003055CF /* Foundation.framework in Frameworks */,
			);
			runOnlyForDeploymentPostprocessing = 0;
		};
/* End PBXFrameworksBuildPhase section */

/* Begin PBXGroup section */
		57A7891018D19932003055CF = {
			isa = PBXGroup;
			children = (
				57A7892218D19932003055CF /* storyboard-test */,
				57A7894718D19932003055CF /* storyboard-testTests */,
				57A7891B18D19932003055CF /* Frameworks */,
				57A7891A18D19932003055CF /* Products */,
			);
			sourceTree = "<group>";
		};
		57A7891A18D19932003055CF /* Products */ = {
			isa = PBXGroup;
			children = (
				57A7891918D19932003055CF /* storyboard-test.app */,
				57A7894018D19932003055CF /* storyboard-testTests.xctest */,
			);
			name = Products;
			sourceTree = "<group>";
		};
		57A7891B18D19932003055CF /* Frameworks */ = {
			isa = PBXGroup;
			children = (
				57A7891C18D19932003055CF /* Foundation.framework */,
				57A7891E18D19932003055CF /* CoreGraphics.framework */,
				57A7892018D19932003055CF /* UIKit.framework */,
				57A7894118D19932003055CF /* XCTest.framework */,
			);
			name = Frameworks;
			sourceTree = "<group>";
		};
		57A7892218D19932003055CF /* storyboard-test */ = {
			isa = PBXGroup;
			children = (
				57A7892B18D19932003055CF /* ESTAppDelegate.h */,
				57A7892C18D19932003055CF /* ESTAppDelegate.m */,
				57A7892E18D19932003055CF /* Main_iPhone.storyboard */,
				57A7893418D19932003055CF /* ESTFirstViewController.h */,
				57A7893518D19932003055CF /* ESTFirstViewController.m */,
				57A7893718D19932003055CF /* ESTSecondViewController.h */,
				57A7893818D19932003055CF /* ESTSecondViewController.m */,
				57A7893A18D19932003055CF /* Images.xcassets */,
				57A7892318D19932003055CF /* Supporting Files */,
			);
			path = "storyboard-test";
			sourceTree = "<group>";
		};
		57A7892318D19932003055CF /* Supporting Files */ = {
			isa = PBXGroup;
			children = (
				57A7892418D19932003055CF /* storyboard-test-Info.plist */,
				57A7892518D19932003055CF /* InfoPlist.strings */,
				57A7892818D19932003055CF /* main.m */,
				57A7892A18D19932003055CF /* storyboard-test-Prefix.pch */,
			);
			name = "Supporting Files";
			sourceTree = "<group>";
		};
		57A7894718D19932003055CF /* storyboard-testTests */ = {
			isa = PBXGroup;
			children = (
				57A7894D18D19932003055CF /* storyboard_testTests.m */,
				57A7894818D19932003055CF /* Supporting Files */,
			);
			path = "storyboard-testTests";
			sourceTree = "<group>";
		};
		57A7894818D19932003055CF /* Supporting Files */ = {
			isa = PBXGroup;
			children = (
				57A7894918D19932003055CF /* storyboard-testTests-Info.plist */,
				57A7894A18D19932003055CF /* InfoPlist.strings */,
			);
			name = "Supporting Files";
			sourceTree = "<group>";
		};
/* End PBXGroup section */

/* Begin PBXNativeTarget section */
		57A7891818D19932003055CF /* storyboard-test */ = {
			isa = PBXNativeTarget;
			buildConfigurationList = 57A7895118D19932003055CF /* Build configuration list for PBXNativeTarget "storyboard-test" */;
			buildPhases = (
				57A7891518D19932003055CF /* Sources */,
				57A7891618D19932003055CF /* Frameworks */,
				57A7891718D19932003055CF /* Resources */,
			);
			buildRules = (
			);
			dependencies = (
			);
			name = "storyboard-test";
			productName = "storyboard-test";
			productReference = 57A7891918D19932003055CF /* storyboard-test.app */;
			productType = "com.apple.product-type.application";
		};
		57A7893F18D19932003055CF /* storyboard-testTests */ = {
			isa = PBXNativeTarget;
			buildConfigurationList = 57A7895418D19932003055CF /* Build configuration list for PBXNativeTarget "storyboard-testTests" */;
			buildPhases = (
				57A7893C18D19932003055CF /* Sources */,
				57A7893D18D19932003055CF /* Frameworks */,
				57A7893E18D19932003055CF /* Resources */,
			);
			buildRules = (
			);
			dependencies = (
				57A7894618D19932003055CF /* PBXTargetDependency */,
			);
			name = "storyboard-testTests";
			productName = "storyboard-testTests";
			productReference = 57A7894018D19932003055CF /* storyboard-testTests.xctest */;
			productType = "com.apple.product-type.bundle.unit-test";
		};
/* End PBXNativeTarget section */

/* Begin PBXProject section */
		57A7891118D19932003055CF /* Project object */ = {
			isa = PBXProject;
			attributes = {
				CLASSPREFIX = EST;
				LastUpgradeCheck = 0500;
				ORGANIZATIONNAME = "Antonio Bello";
				TargetAttributes = {
					57A7893F18D19932003055CF = {
						TestTargetID = 57A7891818D19932003055CF;
					};
				};
			};
			buildConfigurationList = 57A7891418D19932003055CF /* Build configuration list for PBXProject "storyboard-test" */;
			compatibilityVersion = "Xcode 3.2";
			developmentRegion = English;
			hasScannedForEncodings = 0;
			knownRegions = (
				en,
				Base,
			);
			mainGroup = 57A7891018D19932003055CF;
			productRefGroup = 57A7891A18D19932003055CF /* Products */;
			projectDirPath = "";
			projectRoot = "";
			targets = (
				57A7891818D19932003055CF /* storyboard-test */,
				57A7893F18D19932003055CF /* storyboard-testTests */,
			);
		};
/* End PBXProject section */

/* Begin PBXResourcesBuildPhase section */
		57A7891718D19932003055CF /* Resources */ = {
			isa = PBXResourcesBuildPhase;
			buildActionMask = 2147483647;
			files = (
				57A7893B18D19932003055CF /* Images.xcassets in Resources */,
				57A7893018D19932003055CF /* Main_iPhone.storyboard in Resources */,
				57A7892718D19932003055CF /* InfoPlist.strings in Resources */,
			);
			runOnlyForDeploymentPostprocessing = 0;
		};
		57A7893E18D19932003055CF /* Resources */ = {
			isa = PBXResourcesBuildPhase;
			buildActionMask = 2147483647;
			files = (
				57A7894C18D19932003055CF /* InfoPlist.strings in Resources */,
			);
			runOnlyForDeploymentPostprocessing = 0;
		};
/* End PBXResourcesBuildPhase section */

/* Begin PBXSourcesBuildPhase section */
		57A7891518D19932003055CF /* Sources */ = {
			isa = PBXSourcesBuildPhase;
			buildActionMask = 2147483647;
			files = (
				57A7893618D19932003055CF /* ESTFirstViewController.m in Sources */,
				57A7892918D19932003055CF /* main.m in Sources */,
				57A7892D18D19932003055CF /* ESTAppDelegate.m in Sources */,
				57A7893918D19932003055CF /* ESTSecondViewController.m in Sources */,
			);
			runOnlyForDeploymentPostprocessing = 0;
		};
		57A7893C18D19932003055CF /* Sources */ = {
			isa = PBXSourcesBuildPhase;
			buildActionMask = 2147483647;
			files = (
				57A7894E18D19932003055CF /* storyboard_testTests.m in Sources */,
			);
			runOnlyForDeploymentPostprocessing = 0;
		};
/* End PBXSourcesBuildPhase section */

/* Begin PBXTargetDependency section */
		57A7894618D19932003055CF /* PBXTargetDependency */ = {
			isa = PBXTargetDependency;
			target = 57A7891818D19932003055CF /* storyboard-test */;
			targetProxy = 57A7894518D19932003055CF /* PBXContainerItemProxy */;
		};
/* End PBXTargetDependency section */

/* Begin PBXVariantGroup section */
		57A7892518D19932003055CF /* InfoPlist.strings */ = {
			isa = PBXVariantGroup;
			children = (
				57A7892618D19932003055CF /* en */,
			);
			name = InfoPlist.strings;
			sourceTree = "<group>";
		};
		57A7892E18D19932003055CF /* Main_iPhone.storyboard */ = {
			isa = PBXVariantGroup;
			children = (
				57A7892F18D19932003055CF /* Base */,
			);
			name = Main_iPhone.storyboard;
			sourceTree = "<group>";
		};
		57A7894A18D19932003055CF /* InfoPlist.strings */ = {
			isa = PBXVariantGroup;
			children = (
				57A7894B18D19932003055CF /* en */,
			);
			name = InfoPlist.strings;
			sourceTree = "<group>";
		};
/* End PBXVariantGroup section */

/* Begin XCBuildConfiguration section */
		57A7894F18D19932003055CF /* Debug */ = {
			isa = XCBuildConfiguration;
			buildSettings = {
				ALWAYS_SEARCH_USER_PATHS = NO;
				ARCHS = "$(ARCHS_STANDARD_INCLUDING_64_BIT)";
				CLANG_CXX_LANGUAGE_STANDARD = "gnu++0x";
				CLANG_CXX_LIBRARY = "libc++";
				CLANG_ENABLE_MODULES = YES;
				CLANG_ENABLE_OBJC_ARC = YES;
				CLANG_WARN_BOOL_CONVERSION = YES;
				CLANG_WARN_CONSTANT_CONVERSION = YES;
				CLANG_WARN_DIRECT_OBJC_ISA_USAGE = YES_ERROR;
				CLANG_WARN_EMPTY_BODY = YES;
				CLANG_WARN_ENUM_CONVERSION = YES;
				CLANG_WARN_INT_CONVERSION = YES;
				CLANG_WARN_OBJC_ROOT_CLASS = YES_ERROR;
				CLANG_WARN__DUPLICATE_METHOD_MATCH = YES;
				"CODE_SIGN_IDENTITY[sdk=iphoneos*]" = "iPhone Developer";
				COPY_PHASE_STRIP = NO;
				GCC_C_LANGUAGE_STANDARD = gnu99;
				GCC_DYNAMIC_NO_PIC = NO;
				GCC_OPTIMIZATION_LEVEL = 0;
				GCC_PREPROCESSOR_DEFINITIONS = (
					"DEBUG=1",
					"$(inherited)",
				);
				GCC_SYMBOLS_PRIVATE_EXTERN = NO;
				GCC_WARN_64_TO_32_BIT_CONVERSION = YES;
				GCC_WARN_ABOUT_RETURN_TYPE = YES_ERROR;
				GCC_WARN_UNDECLARED_SELECTOR = YES;
				GCC_WARN_UNINITIALIZED_AUTOS = YES;
				GCC_WARN_UNUSED_FUNCTION = YES;
				GCC_WARN_UNUSED_VARIABLE = YES;
				IPHONEOS_DEPLOYMENT_TARGET = 7.0;
				ONLY_ACTIVE_ARCH = YES;
				SDKROOT = iphoneos;
				TARGETED_DEVICE_FAMILY = "1,2";
			};
			name = Debug;
		};
		57A7895018D19932003055CF /* Release */ = {
			isa = XCBuildConfiguration;
			buildSettings = {
				ALWAYS_SEARCH_USER_PATHS = NO;
				ARCHS = "$(ARCHS_STANDARD_INCLUDING_64_BIT)";
				CLANG_CXX_LANGUAGE_STANDARD = "gnu++0x";
				CLANG_CXX_LIBRARY = "libc++";
				CLANG_ENABLE_MODULES = YES;
				CLANG_ENABLE_OBJC_ARC = YES;
				CLANG_WARN_BOOL_CONVERSION = YES;
				CLANG_WARN_CONSTANT_CONVERSION = YES;
				CLANG_WARN_DIRECT_OBJC_ISA_USAGE = YES_ERROR;
				CLANG_WARN_EMPTY_BODY = YES;
				CLANG_WARN_ENUM_CONVERSION = YES;
				CLANG_WARN_INT_CONVERSION = YES;
				CLANG_WARN_OBJC_ROOT_CLASS = YES_ERROR;
				CLANG_WARN__DUPLICATE_METHOD_MATCH = YES;
				"CODE_SIGN_IDENTITY[sdk=iphoneos*]" = "iPhone Developer";
				COPY_PHASE_STRIP = YES;
				ENABLE_NS_ASSERTIONS = NO;
				GCC_C_LANGUAGE_STANDARD = gnu99;
				GCC_WARN_64_TO_32_BIT_CONVERSION = YES;
				GCC_WARN_ABOUT_RETURN_TYPE = YES_ERROR;
				GCC_WARN_UNDECLARED_SELECTOR = YES;
				GCC_WARN_UNINITIALIZED_AUTOS = YES;
				GCC_WARN_UNUSED_FUNCTION = YES;
				GCC_WARN_UNUSED_VARIABLE = YES;
				IPHONEOS_DEPLOYMENT_TARGET = 7.0;
				SDKROOT = iphoneos;
				TARGETED_DEVICE_FAMILY = "1,2";
				VALIDATE_PRODUCT = YES;
			};
			name = Release;
		};
		57A7895218D19932003055CF /* Debug */ = {
			isa = XCBuildConfiguration;
			buildSettings = {
				ASSETCATALOG_COMPILER_APPICON_NAME = AppIcon;
				ASSETCATALOG_COMPILER_LAUNCHIMAGE_NAME = LaunchImage;
				GCC_PRECOMPILE_PREFIX_HEADER = YES;
				GCC_PREFIX_HEADER = "storyboard-test/storyboard-test-Prefix.pch";
				INFOPLIST_FILE = "storyboard-test/storyboard-test-Info.plist";
				PRODUCT_NAME = "$(TARGET_NAME)";
				WRAPPER_EXTENSION = app;
			};
			name = Debug;
		};
		57A7895318D19932003055CF /* Release */ = {
			isa = XCBuildConfiguration;
			buildSettings = {
				ASSETCATALOG_COMPILER_APPICON_NAME = AppIcon;
				ASSETCATALOG_COMPILER_LAUNCHIMAGE_NAME = LaunchImage;
				GCC_PRECOMPILE_PREFIX_HEADER = YES;
				GCC_PREFIX_HEADER = "storyboard-test/storyboard-test-Prefix.pch";
				INFOPLIST_FILE = "storyboard-test/storyboard-test-Info.plist";
				PRODUCT_NAME = "$(TARGET_NAME)";
				WRAPPER_EXTENSION = app;
			};
			name = Release;
		};
		57A7895518D19932003055CF /* Debug */ = {
			isa = XCBuildConfiguration;
			buildSettings = {
				ARCHS = "$(ARCHS_STANDARD_INCLUDING_64_BIT)";
				BUNDLE_LOADER = "$(BUILT_PRODUCTS_DIR)/storyboard-test.app/storyboard-test";
				FRAMEWORK_SEARCH_PATHS = (
					"$(SDKROOT)/Developer/Library/Frameworks",
					"$(inherited)",
					"$(DEVELOPER_FRAMEWORKS_DIR)",
				);
				GCC_PRECOMPILE_PREFIX_HEADER = YES;
				GCC_PREFIX_HEADER = "storyboard-test/storyboard-test-Prefix.pch";
				GCC_PREPROCESSOR_DEFINITIONS = (
					"DEBUG=1",
					"$(inherited)",
				);
				INFOPLIST_FILE = "storyboard-testTests/storyboard-testTests-Info.plist";
				PRODUCT_NAME = "$(TARGET_NAME)";
				TEST_HOST = "$(BUNDLE_LOADER)";
				WRAPPER_EXTENSION = xctest;
			};
			name = Debug;
		};
		57A7895618D19932003055CF /* Release */ = {
			isa = XCBuildConfiguration;
			buildSettings = {
				ARCHS = "$(ARCHS_STANDARD_INCLUDING_64_BIT)";
				BUNDLE_LOADER = "$(BUILT_PRODUCTS_DIR)/storyboard-test.app/storyboard-test";
				FRAMEWORK_SEARCH_PATHS = (
					"$(SDKROOT)/Developer/Library/Frameworks",
					"$(inherited)",
					"$(DEVELOPER_FRAMEWORKS_DIR)",
				);
				GCC_PRECOMPILE_PREFIX_HEADER = YES;
				GCC_PREFIX_HEADER = "storyboard-test/storyboard-test-Prefix.pch";
				INFOPLIST_FILE = "storyboard-testTests/storyboard-testTests-Info.plist";
				PRODUCT_NAME = "$(TARGET_NAME)";
				TEST_HOST = "$(BUNDLE_LOADER)";
				WRAPPER_EXTENSION = xctest;
			};
			name = Release;
		};
/* End XCBuildConfiguration section */

/* Begin XCConfigurationList section */
		57A7891418D19932003055CF /* Build configuration list for PBXProject "storyboard-test" */ = {
			isa = XCConfigurationList;
			buildConfigurations = (
				57A7894F18D19932003055CF /* Debug */,
				57A7895018D19932003055CF /* Release */,
			);
			defaultConfigurationIsVisible = 0;
			defaultConfigurationName = Release;
		};
		57A7895118D19932003055CF /* Build configuration list for PBXNativeTarget "storyboard-test" */ = {
			isa = XCConfigurationList;
			buildConfigurations = (
				57A7895218D19932003055CF /* Debug */,
				57A7895318D19932003055CF /* Release */,
			);
			defaultConfigurationIsVisible = 0;
		};
		57A7895418D19932003055CF /* Build configuration list for PBXNativeTarget "storyboard-testTests" */ = {
			isa = XCConfigurationList;
			buildConfigurations = (
				57A7895518D19932003055CF /* Debug */,
				57A7895618D19932003055CF /* Release */,
			);
			defaultConfigurationIsVisible = 0;
		};
/* End XCConfigurationList section */
	};
	rootObject = 57A7891118D19932003055CF /* Project object */;
}
